PODS:
  - Flutter (1.0.0)
  - flutter_carplay_plus (0.0.1):
    - Flutter
  - integration_test (0.0.1):
    - Flutter

DEPENDENCIES:
  - Flutter (from `Flutter`)
  - flutter_carplay_plus (from `.symlinks/plugins/flutter_carplay_plus/ios`)
  - integration_test (from `.symlinks/plugins/integration_test/ios`)

EXTERNAL SOURCES:
  Flutter:
    :path: Flutter
  flutter_carplay_plus:
    :path: ".symlinks/plugins/flutter_carplay_plus/ios"
  integration_test:
    :path: ".symlinks/plugins/integration_test/ios"

SPEC CHECKSUMS:
  Flutter: e0871f40cf51350855a761d2e70bf5af5b9b5de7
  flutter_carplay_plus: 8c3717f80548b3c3f676bc666be6047134a03c93
  integration_test: ce0a3ffa1de96d1a89ca0ac26fca7ea18a749ef4

PODFILE CHECKSUM: 1959d098c91d8a792531a723c4a9d7e9f6a01e38

COCOAPODS: 1.15.2
